PODS:
  - RxCocoa (3.5.0):
    - RxSwift (~> 3.4)
  - RxGesture (1.0.1):
    - RxCocoa (~> 3.4)
    - RxSwift (~> 3.4)
  - RxSwift (3.5.0)

DEPENDENCIES:
  - RxGesture (from `../`)

EXTERNAL SOURCES:
  RxGesture:
    :path: "../"

SPEC CHECKSUMS:
  RxCocoa: a0a09f45d0e5b48ecb6a4a7b4b4c89c88d3f633f
  RxGesture: 22d6fbe3e54c6f62c0e0499a25325b8bc78b148c
  RxSwift: 18ee9d78b45edb3b0b7e79916b47a116e6dbc842

PODFILE CHECKSUM: d81246b7f4c911d6622621b27d9f47705708d826

COCOAPODS: 1.2.1
